
Microsoft Visual Studio Solution File, Format Version 12.00
# Visual Studio Version 16
VisualStudioVersion = 16.0.29409.12
MinimumVisualStudioVersion = 10.0.40219.1
Project("{FAE04EC0-301F-11D3-BF4B-00C04F79EFBC}") = "Tic-Tac-Toe", "Tic-Tac-Toe\Tic-Tac-Toe.csproj", "{B72E419F-2BD1-430E-B7CF-E865BC270516}"
EndProject
Global
	GlobalSection(SolutionConfigurationPlatforms) = preSolution
		Debug|Any CPU = Debug|Any CPU
		Release|Any CPU = Release|Any CPU
	EndGlobalSection
	GlobalSection(ProjectConfigurationPlatforms) = postSolution
		{B72E419F-2BD1-430E-B7CF-E865BC270516}.Debug|Any CPU.ActiveCfg = Debug|Any CPU
		{B72E419F-2BD1-430E-B7CF-E865BC270516}.Debug|Any CPU.Build.0 = Debug|Any CPU
		{B72E419F-2BD1-430E-B7CF-E865BC270516}.Release|Any CPU.ActiveCfg = Release|Any CPU
		{B72E419F-2BD1-430E-B7CF-E865BC270516}.Release|Any CPU.Build.0 = Release|Any CPU
	EndGlobalSection
	GlobalSection(SolutionProperties) = preSolution
		HideSolutionNode = FALSE
	EndGlobalSection
	GlobalSection(ExtensibilityGlobals) = postSolution
		SolutionGuid = {3B81910C-D70E-46D4-8A75-56AA7016D82C}
	EndGlobalSection
EndGlobal
